
Microsoft Visual Studio Solution File, Format Version 12.00
# Visual Studio Version 17
VisualStudioVersion = 17.9.34607.119
MinimumVisualStudioVersion = 10.0.40219.1
Project("{FAE04EC0-301F-11D3-BF4B-00C04F79EFBC}") = "SkiNet", "SkiNet\SkiNet.csproj", "{D4531E72-8639-4674-9F8C-DA7EB7B94D60}"
EndProject
Project("{FAE04EC0-301F-11D3-BF4B-00C04F79EFBC}") = "Core", "Core\Core.csproj", "{5C89AF72-D22E-401E-AAD1-D8A4F20C9AC9}"
EndProject
Project("{FAE04EC0-301F-11D3-BF4B-00C04F79EFBC}") = "Infrastructure", "Infrastructure\Infrastructure.csproj", "{A90A3FD3-4B67-44AD-8785-2856CA635518}"
EndProject
Global
	GlobalSection(SolutionConfigurationPlatforms) = preSolution
		Debug|Any CPU = Debug|Any CPU
		Release|Any CPU = Release|Any CPU
	EndGlobalSection
	GlobalSection(ProjectConfigurationPlatforms) = postSolution
		{D4531E72-8639-4674-9F8C-DA7EB7B94D60}.Debug|Any CPU.ActiveCfg = Debug|Any CPU
		{D4531E72-8639-4674-9F8C-DA7EB7B94D60}.Debug|Any CPU.Build.0 = Debug|Any CPU
		{D4531E72-8639-4674-9F8C-DA7EB7B94D60}.Release|Any CPU.ActiveCfg = Release|Any CPU
		{D4531E72-8639-4674-9F8C-DA7EB7B94D60}.Release|Any CPU.Build.0 = Release|Any CPU
		{5C89AF72-D22E-401E-AAD1-D8A4F20C9AC9}.Debug|Any CPU.ActiveCfg = Debug|Any CPU
		{5C89AF72-D22E-401E-AAD1-D8A4F20C9AC9}.Debug|Any CPU.Build.0 = Debug|Any CPU
		{5C89AF72-D22E-401E-AAD1-D8A4F20C9AC9}.Release|Any CPU.ActiveCfg = Release|Any CPU
		{5C89AF72-D22E-401E-AAD1-D8A4F20C9AC9}.Release|Any CPU.Build.0 = Release|Any CPU
		{A90A3FD3-4B67-44AD-8785-2856CA635518}.Debug|Any CPU.ActiveCfg = Debug|Any CPU
		{A90A3FD3-4B67-44AD-8785-2856CA635518}.Debug|Any CPU.Build.0 = Debug|Any CPU
		{A90A3FD3-4B67-44AD-8785-2856CA635518}.Release|Any CPU.ActiveCfg = Release|Any CPU
		{A90A3FD3-4B67-44AD-8785-2856CA635518}.Release|Any CPU.Build.0 = Release|Any CPU
	EndGlobalSection
	GlobalSection(SolutionProperties) = preSolution
		HideSolutionNode = FALSE
	EndGlobalSection
	GlobalSection(ExtensibilityGlobals) = postSolution
		SolutionGuid = {BD513230-E4C5-4E65-9E7A-2DA605734055}
	EndGlobalSection
EndGlobal
